
Microsoft Visual Studio Solution File, Format Version 12.00
# Visual Studio 14
VisualStudioVersion = 14.0.25420.1
MinimumVisualStudioVersion = 10.0.40219.1
Project("{2150E333-8FDC-42A3-9474-1A3956D46DE8}") = "Solution", "Solution", "{4D17CB07-4981-4632-B70E-4A322FEF5F50}"
	ProjectSection(SolutionItems) = preProject
		README.md = README.md
	EndProjectSection
EndProject
Project("{FAE04EC0-301F-11D3-BF4B-00C04F79EFBC}") = "TestAnalyzer.Web", "TestAnalyzer.Web\TestAnalyzer.Web.csproj", "{C2095815-4F9B-4F99-B78E-A3D2667AA645}"
EndProject
Project("{FAE04EC0-301F-11D3-BF4B-00C04F79EFBC}") = "TestAnalyzer", "TestAnalyzer\TestAnalyzer.csproj", "{7DA2DBDD-C9A2-4E6F-BB5F-43101B2C0A0E}"
EndProject
Project("{8BB2217D-0F2D-49D1-97BC-3654ED321F3B}") = "TestAnalyzer.WebClient", "TestAnalyzer.WebClient\TestAnalyzer.WebClient.xproj", "{21A86E94-C900-4C4F-917F-C4A580742632}"
EndProject
Project("{FAE04EC0-301F-11D3-BF4B-00C04F79EFBC}") = "TestAnalyzer.Models", "TestAnalyzer.Models\TestAnalyzer.Models.csproj", "{4D310E8B-67BE-4EDC-919F-EB15F154FBFE}"
EndProject
Global
	GlobalSection(SolutionConfigurationPlatforms) = preSolution
		Debug|Any CPU = Debug|Any CPU
		Release|Any CPU = Release|Any CPU
	EndGlobalSection
	GlobalSection(ProjectConfigurationPlatforms) = postSolution
		{C2095815-4F9B-4F99-B78E-A3D2667AA645}.Debug|Any CPU.ActiveCfg = Debug|Any CPU
		{C2095815-4F9B-4F99-B78E-A3D2667AA645}.Debug|Any CPU.Build.0 = Debug|Any CPU
		{C2095815-4F9B-4F99-B78E-A3D2667AA645}.Release|Any CPU.ActiveCfg = Release|Any CPU
		{C2095815-4F9B-4F99-B78E-A3D2667AA645}.Release|Any CPU.Build.0 = Release|Any CPU
		{7DA2DBDD-C9A2-4E6F-BB5F-43101B2C0A0E}.Debug|Any CPU.ActiveCfg = Debug|Any CPU
		{7DA2DBDD-C9A2-4E6F-BB5F-43101B2C0A0E}.Debug|Any CPU.Build.0 = Debug|Any CPU
		{7DA2DBDD-C9A2-4E6F-BB5F-43101B2C0A0E}.Release|Any CPU.ActiveCfg = Release|Any CPU
		{7DA2DBDD-C9A2-4E6F-BB5F-43101B2C0A0E}.Release|Any CPU.Build.0 = Release|Any CPU
		{21A86E94-C900-4C4F-917F-C4A580742632}.Debug|Any CPU.ActiveCfg = Debug|Any CPU
		{21A86E94-C900-4C4F-917F-C4A580742632}.Debug|Any CPU.Build.0 = Debug|Any CPU
		{21A86E94-C900-4C4F-917F-C4A580742632}.Release|Any CPU.ActiveCfg = Release|Any CPU
		{21A86E94-C900-4C4F-917F-C4A580742632}.Release|Any CPU.Build.0 = Release|Any CPU
		{4D310E8B-67BE-4EDC-919F-EB15F154FBFE}.Debug|Any CPU.ActiveCfg = Debug|Any CPU
		{4D310E8B-67BE-4EDC-919F-EB15F154FBFE}.Debug|Any CPU.Build.0 = Debug|Any CPU
		{4D310E8B-67BE-4EDC-919F-EB15F154FBFE}.Release|Any CPU.ActiveCfg = Release|Any CPU
		{4D310E8B-67BE-4EDC-919F-EB15F154FBFE}.Release|Any CPU.Build.0 = Release|Any CPU
	EndGlobalSection
	GlobalSection(SolutionProperties) = preSolution
		HideSolutionNode = FALSE
	EndGlobalSection
EndGlobal
